
Microsoft Visual Studio Solution File, Format Version 12.00
# Visual Studio 15
VisualStudioVersion = 15.0.27130.2010
MinimumVisualStudioVersion = 10.0.40219.1
Project("{FAE04EC0-301F-11D3-BF4B-00C04F79EFBC}") = "PizzaProjekt", "PizzaProjekt\PizzaProjekt.csproj", "{1EC07410-5936-481E-BBFD-51A194DD45B6}"
EndProject
Global
	GlobalSection(SolutionConfigurationPlatforms) = preSolution
		Debug|Any CPU = Debug|Any CPU
		Release|Any CPU = Release|Any CPU
	EndGlobalSection
	GlobalSection(ProjectConfigurationPlatforms) = postSolution
		{1EC07410-5936-481E-BBFD-51A194DD45B6}.Debug|Any CPU.ActiveCfg = Debug|Any CPU
		{1EC07410-5936-481E-BBFD-51A194DD45B6}.Debug|Any CPU.Build.0 = Debug|Any CPU
		{1EC07410-5936-481E-BBFD-51A194DD45B6}.Release|Any CPU.ActiveCfg = Release|Any CPU
		{1EC07410-5936-481E-BBFD-51A194DD45B6}.Release|Any CPU.Build.0 = Release|Any CPU
	EndGlobalSection
	GlobalSection(SolutionProperties) = preSolution
		HideSolutionNode = FALSE
	EndGlobalSection
	GlobalSection(ExtensibilityGlobals) = postSolution
		SolutionGuid = {76DE3FAF-C81B-4D19-BEA2-E2341C7BB217}
	EndGlobalSection
EndGlobal
